
Microsoft Visual Studio Solution File, Format Version 12.00
# Visual Studio Version 17
VisualStudioVersion = 17.4.33103.184
MinimumVisualStudioVersion = 10.0.40219.1
Project("{FAE04EC0-301F-11D3-BF4B-00C04F79EFBC}") = "PostTapeApp", "PostTapeApp\PostTapeApp.csproj", "{7BCD2645-1513-4E29-88D3-539A8E290FA1}"
EndProject
Global
	GlobalSection(SolutionConfigurationPlatforms) = preSolution
		Debug|Any CPU = Debug|Any CPU
		Release|Any CPU = Release|Any CPU
	EndGlobalSection
	GlobalSection(ProjectConfigurationPlatforms) = postSolution
		{7BCD2645-1513-4E29-88D3-539A8E290FA1}.Debug|Any CPU.ActiveCfg = Debug|Any CPU
		{7BCD2645-1513-4E29-88D3-539A8E290FA1}.Debug|Any CPU.Build.0 = Debug|Any CPU
		{7BCD2645-1513-4E29-88D3-539A8E290FA1}.Release|Any CPU.ActiveCfg = Release|Any CPU
		{7BCD2645-1513-4E29-88D3-539A8E290FA1}.Release|Any CPU.Build.0 = Release|Any CPU
	EndGlobalSection
	GlobalSection(SolutionProperties) = preSolution
		HideSolutionNode = FALSE
	EndGlobalSection
	GlobalSection(ExtensibilityGlobals) = postSolution
		SolutionGuid = {C514A2F3-B026-452C-AF28-468A8302ABA7}
	EndGlobalSection
EndGlobal
